// !$*UTF8*$!
{
	archiveVersion = 1;
	classes = {
	};
	objectVersion = 50;
	objects = {

/* Begin PBXBuildFile section */
		320818EB23435B03006D693B /* WatchCountdown WatchKit App.app in Embed Watch Content */ = {isa = PBXBuildFile; fileRef = 320818EA23435B03006D693B /* WatchCountdown WatchKit App.app */; settings = {ATTRIBUTES = (RemoveHeadersOnCopy, ); }; };
		320818F123435B03006D693B /* Interface.storyboard in Resources */ = {isa = PBXBuildFile; fileRef = 320818EF23435B03006D693B /* Interface.storyboard */; };
		320818F323435B05006D693B /* Assets.xcassets in Resources */ = {isa = PBXBuildFile; fileRef = 320818F223435B05006D693B /* Assets.xcassets */; };
		320818FA23435B05006D693B /* WatchCountdown WatchKit Extension.appex in Embed App Extensions */ = {isa = PBXBuildFile; fileRef = 320818F923435B05006D693B /* WatchCountdown WatchKit Extension.appex */; settings = {ATTRIBUTES = (RemoveHeadersOnCopy, ); }; };
		320818FF23435B05006D693B /* InterfaceController.swift in Sources */ = {isa = PBXBuildFile; fileRef = 320818FE23435B05006D693B /* InterfaceController.swift */; };
		3208190123435B05006D693B /* ExtensionDelegate.swift in Sources */ = {isa = PBXBuildFile; fileRef = 3208190023435B05006D693B /* ExtensionDelegate.swift */; };
		3208190323435B06006D693B /* Assets.xcassets in Resources */ = {isa = PBXBuildFile; fileRef = 3208190223435B06006D693B /* Assets.xcassets */; };
		3208191423437112006D693B /* Event.swift in Sources */ = {isa = PBXBuildFile; fileRef = 3208191323437112006D693B /* Event.swift */; };
		3208191623437145006D693B /* Events.json in Resources */ = {isa = PBXBuildFile; fileRef = 3208191523437145006D693B /* Events.json */; };
		32081918234371A4006D693B /* EventRowController.swift in Sources */ = {isa = PBXBuildFile; fileRef = 32081917234371A4006D693B /* EventRowController.swift */; };
		3208191A234371DF006D693B /* EventInterfaceController.swift in Sources */ = {isa = PBXBuildFile; fileRef = 32081919234371DF006D693B /* EventInterfaceController.swift */; };
/* End PBXBuildFile section */

/* Begin PBXContainerItemProxy section */
		320818EC23435B03006D693B /* PBXContainerItemProxy */ = {
			isa = PBXContainerItemProxy;
			containerPortal = 320818E023435B03006D693B /* Project object */;
			proxyType = 1;
			remoteGlobalIDString = 320818E923435B03006D693B;
			remoteInfo = "WatchCountdown WatchKit App";
		};
		320818FB23435B05006D693B /* PBXContainerItemProxy */ = {
			isa = PBXContainerItemProxy;
			containerPortal = 320818E023435B03006D693B /* Project object */;
			proxyType = 1;
			remoteGlobalIDString = 320818F823435B05006D693B;
			remoteInfo = "WatchCountdown WatchKit Extension";
		};
/* End PBXContainerItemProxy section */

/* Begin PBXCopyFilesBuildPhase section */
		3208190A23435B06006D693B /* Embed App Extensions */ = {
			isa = PBXCopyFilesBuildPhase;
			buildActionMask = 2147483647;
			dstPath = "";
			dstSubfolderSpec = 13;
			files = (
				320818FA23435B05006D693B /* WatchCountdown WatchKit Extension.appex in Embed App Extensions */,
			);
			name = "Embed App Extensions";
			runOnlyForDeploymentPostprocessing = 0;
		};
		3208190E23435B06006D693B /* Embed Watch Content */ = {
			isa = PBXCopyFilesBuildPhase;
			buildActionMask = 2147483647;
			dstPath = "$(CONTENTS_FOLDER_PATH)/Watch";
			dstSubfolderSpec = 16;
			files = (
				320818EB23435B03006D693B /* WatchCountdown WatchKit App.app in Embed Watch Content */,
			);
			name = "Embed Watch Content";
			runOnlyForDeploymentPostprocessing = 0;
		};
/* End PBXCopyFilesBuildPhase section */

/* Begin PBXFileReference section */
		320818E623435B03006D693B /* WatchCountdown.app */ = {isa = PBXFileReference; explicitFileType = wrapper.application; includeInIndex = 0; path = WatchCountdown.app; sourceTree = BUILT_PRODUCTS_DIR; };
		320818EA23435B03006D693B /* WatchCountdown WatchKit App.app */ = {isa = PBXFileReference; explicitFileType = wrapper.application; includeInIndex = 0; path = "WatchCountdown WatchKit App.app"; sourceTree = BUILT_PRODUCTS_DIR; };
		320818F023435B03006D693B /* Base */ = {isa = PBXFileReference; lastKnownFileType = file.storyboard; name = Base; path = Base.lproj/Interface.storyboard; sourceTree = "<group>"; };
		320818F223435B05006D693B /* Assets.xcassets */ = {isa = PBXFileReference; lastKnownFileType = folder.assetcatalog; path = Assets.xcassets; sourceTree = "<group>"; };
		320818F423435B05006D693B /* Info.plist */ = {isa = PBXFileReference; lastKnownFileType = text.plist.xml; path = Info.plist; sourceTree = "<group>"; };
		320818F923435B05006D693B /* WatchCountdown WatchKit Extension.appex */ = {isa = PBXFileReference; explicitFileType = "wrapper.app-extension"; includeInIndex = 0; path = "WatchCountdown WatchKit Extension.appex"; sourceTree = BUILT_PRODUCTS_DIR; };
		320818FE23435B05006D693B /* InterfaceController.swift */ = {isa = PBXFileReference; lastKnownFileType = sourcecode.swift; path = InterfaceController.swift; sourceTree = "<group>"; };
		3208190023435B05006D693B /* ExtensionDelegate.swift */ = {isa = PBXFileReference; lastKnownFileType = sourcecode.swift; path = ExtensionDelegate.swift; sourceTree = "<group>"; };
		3208190223435B06006D693B /* Assets.xcassets */ = {isa = PBXFileReference; lastKnownFileType = folder.assetcatalog; path = Assets.xcassets; sourceTree = "<group>"; };
		3208190423435B06006D693B /* Info.plist */ = {isa = PBXFileReference; lastKnownFileType = text.plist.xml; path = Info.plist; sourceTree = "<group>"; };
		3208191323437112006D693B /* Event.swift */ = {isa = PBXFileReference; lastKnownFileType = sourcecode.swift; path = Event.swift; sourceTree = "<group>"; };
		3208191523437145006D693B /* Events.json */ = {isa = PBXFileReference; lastKnownFileType = text.json; path = Events.json; sourceTree = "<group>"; };
		32081917234371A4006D693B /* EventRowController.swift */ = {isa = PBXFileReference; lastKnownFileType = sourcecode.swift; path = EventRowController.swift; sourceTree = "<group>"; };
		32081919234371DF006D693B /* EventInterfaceController.swift */ = {isa = PBXFileReference; lastKnownFileType = sourcecode.swift; path = EventInterfaceController.swift; sourceTree = "<group>"; };
/* End PBXFileReference section */

/* Begin PBXFrameworksBuildPhase section */
		320818F623435B05006D693B /* Frameworks */ = {
			isa = PBXFrameworksBuildPhase;
			buildActionMask = 2147483647;
			files = (
			);
			runOnlyForDeploymentPostprocessing = 0;
		};
/* End PBXFrameworksBuildPhase section */

/* Begin PBXGroup section */
		320818DF23435B03006D693B = {
			isa = PBXGroup;
			children = (
				320818EE23435B03006D693B /* WatchCountdown WatchKit App */,
				320818FD23435B05006D693B /* WatchCountdown WatchKit Extension */,
				320818E723435B03006D693B /* Products */,
			);
			sourceTree = "<group>";
		};
		320818E723435B03006D693B /* Products */ = {
			isa = PBXGroup;
			children = (
				320818E623435B03006D693B /* WatchCountdown.app */,
				320818EA23435B03006D693B /* WatchCountdown WatchKit App.app */,
				320818F923435B05006D693B /* WatchCountdown WatchKit Extension.appex */,
			);
			name = Products;
			sourceTree = "<group>";
		};
		320818EE23435B03006D693B /* WatchCountdown WatchKit App */ = {
			isa = PBXGroup;
			children = (
				320818EF23435B03006D693B /* Interface.storyboard */,
				320818F223435B05006D693B /* Assets.xcassets */,
				320818F423435B05006D693B /* Info.plist */,
			);
			path = "WatchCountdown WatchKit App";
			sourceTree = "<group>";
		};
		320818FD23435B05006D693B /* WatchCountdown WatchKit Extension */ = {
			isa = PBXGroup;
			children = (
				3208191223437104006D693B /* Database */,
				320818FE23435B05006D693B /* InterfaceController.swift */,
				3208190023435B05006D693B /* ExtensionDelegate.swift */,
				3208190223435B06006D693B /* Assets.xcassets */,
				3208190423435B06006D693B /* Info.plist */,
				32081917234371A4006D693B /* EventRowController.swift */,
				32081919234371DF006D693B /* EventInterfaceController.swift */,
			);
			path = "WatchCountdown WatchKit Extension";
			sourceTree = "<group>";
		};
		3208191223437104006D693B /* Database */ = {
			isa = PBXGroup;
			children = (
				3208191323437112006D693B /* Event.swift */,
				3208191523437145006D693B /* Events.json */,
			);
			path = Database;
			sourceTree = "<group>";
		};
/* End PBXGroup section */

/* Begin PBXNativeTarget section */
		320818E523435B03006D693B /* WatchCountdown */ = {
			isa = PBXNativeTarget;
			buildConfigurationList = 3208190F23435B06006D693B /* Build configuration list for PBXNativeTarget "WatchCountdown" */;
			buildPhases = (
				320818E423435B03006D693B /* Resources */,
				3208190E23435B06006D693B /* Embed Watch Content */,
			);
			buildRules = (
			);
			dependencies = (
				320818ED23435B03006D693B /* PBXTargetDependency */,
			);
			name = WatchCountdown;
			productName = WatchCountdown;
			productReference = 320818E623435B03006D693B /* WatchCountdown.app */;
			productType = "com.apple.product-type.application.watchapp2-container";
		};
		320818E923435B03006D693B /* WatchCountdown WatchKit App */ = {
			isa = PBXNativeTarget;
			buildConfigurationList = 3208190B23435B06006D693B /* Build configuration list for PBXNativeTarget "WatchCountdown WatchKit App" */;
			buildPhases = (
				320818E823435B03006D693B /* Resources */,
				3208190A23435B06006D693B /* Embed App Extensions */,
			);
			buildRules = (
			);
			dependencies = (
				320818FC23435B05006D693B /* PBXTargetDependency */,
			);
			name = "WatchCountdown WatchKit App";
			productName = "WatchCountdown WatchKit App";
			productReference = 320818EA23435B03006D693B /* WatchCountdown WatchKit App.app */;
			productType = "com.apple.product-type.application.watchapp2";
		};
		320818F823435B05006D693B /* WatchCountdown WatchKit Extension */ = {
			isa = PBXNativeTarget;
			buildConfigurationList = 3208190723435B06006D693B /* Build configuration list for PBXNativeTarget "WatchCountdown WatchKit Extension" */;
			buildPhases = (
				320818F523435B05006D693B /* Sources */,
				320818F623435B05006D693B /* Frameworks */,
				320818F723435B05006D693B /* Resources */,
			);
			buildRules = (
			);
			dependencies = (
			);
			name = "WatchCountdown WatchKit Extension";
			productName = "WatchCountdown WatchKit Extension";
			productReference = 320818F923435B05006D693B /* WatchCountdown WatchKit Extension.appex */;
			productType = "com.apple.product-type.watchkit2-extension";
		};
/* End PBXNativeTarget section */

/* Begin PBXProject section */
		320818E023435B03006D693B /* Project object */ = {
			isa = PBXProject;
			attributes = {
				LastSwiftUpdateCheck = 1100;
				LastUpgradeCheck = 1100;
				ORGANIZATIONNAME = Tamara;
				TargetAttributes = {
					320818E523435B03006D693B = {
						CreatedOnToolsVersion = 11.0;
					};
					320818E923435B03006D693B = {
						CreatedOnToolsVersion = 11.0;
					};
					320818F823435B05006D693B = {
						CreatedOnToolsVersion = 11.0;
					};
				};
			};
			buildConfigurationList = 320818E323435B03006D693B /* Build configuration list for PBXProject "WatchCountdown" */;
			compatibilityVersion = "Xcode 9.3";
			developmentRegion = en;
			hasScannedForEncodings = 0;
			knownRegions = (
				en,
				Base,
			);
			mainGroup = 320818DF23435B03006D693B;
			productRefGroup = 320818E723435B03006D693B /* Products */;
			projectDirPath = "";
			projectRoot = "";
			targets = (
				320818E523435B03006D693B /* WatchCountdown */,
				320818E923435B03006D693B /* WatchCountdown WatchKit App */,
				320818F823435B05006D693B /* WatchCountdown WatchKit Extension */,
			);
		};
/* End PBXProject section */

/* Begin PBXResourcesBuildPhase section */
		320818E423435B03006D693B /* Resources */ = {
			isa = PBXResourcesBuildPhase;
			buildActionMask = 2147483647;
			files = (
			);
			runOnlyForDeploymentPostprocessing = 0;
		};
		320818E823435B03006D693B /* Resources */ = {
			isa = PBXResourcesBuildPhase;
			buildActionMask = 2147483647;
			files = (
				320818F323435B05006D693B /* Assets.xcassets in Resources */,
				320818F123435B03006D693B /* Interface.storyboard in Resources */,
			);
			runOnlyForDeploymentPostprocessing = 0;
		};
		320818F723435B05006D693B /* Resources */ = {
			isa = PBXResourcesBuildPhase;
			buildActionMask = 2147483647;
			files = (
				3208191623437145006D693B /* Events.json in Resources */,
				3208190323435B06006D693B /* Assets.xcassets in Resources */,
			);
			runOnlyForDeploymentPostprocessing = 0;
		};
/* End PBXResourcesBuildPhase section */

/* Begin PBXSourcesBuildPhase section */
		320818F523435B05006D693B /* Sources */ = {
			isa = PBXSourcesBuildPhase;
			buildActionMask = 2147483647;
			files = (
				3208190123435B05006D693B /* ExtensionDelegate.swift in Sources */,
				32081918234371A4006D693B /* EventRowController.swift in Sources */,
				3208191423437112006D693B /* Event.swift in Sources */,
				320818FF23435B05006D693B /* InterfaceController.swift in Sources */,
				3208191A234371DF006D693B /* EventInterfaceController.swift in Sources */,
			);
			runOnlyForDeploymentPostprocessing = 0;
		};
/* End PBXSourcesBuildPhase section */

/* Begin PBXTargetDependency section */
		320818ED23435B03006D693B /* PBXTargetDependency */ = {
			isa = PBXTargetDependency;
			target = 320818E923435B03006D693B /* WatchCountdown WatchKit App */;
			targetProxy = 320818EC23435B03006D693B /* PBXContainerItemProxy */;
		};
		320818FC23435B05006D693B /* PBXTargetDependency */ = {
			isa = PBXTargetDependency;
			target = 320818F823435B05006D693B /* WatchCountdown WatchKit Extension */;
			targetProxy = 320818FB23435B05006D693B /* PBXContainerItemProxy */;
		};
/* End PBXTargetDependency section */

/* Begin PBXVariantGroup section */
		320818EF23435B03006D693B /* Interface.storyboard */ = {
			isa = PBXVariantGroup;
			children = (
				320818F023435B03006D693B /* Base */,
			);
			name = Interface.storyboard;
			sourceTree = "<group>";
		};
/* End PBXVariantGroup section */

/* Begin XCBuildConfiguration section */
		3208190523435B06006D693B /* Debug */ = {
			isa = XCBuildConfiguration;
			buildSettings = {
				ALWAYS_SEARCH_USER_PATHS = NO;
				CLANG_ANALYZER_NONNULL = YES;
				CLANG_ANALYZER_NUMBER_OBJECT_CONVERSION = YES_AGGRESSIVE;
				CLANG_CXX_LANGUAGE_STANDARD = "gnu++14";
				CLANG_CXX_LIBRARY = "libc++";
				CLANG_ENABLE_MODULES = YES;
				CLANG_ENABLE_OBJC_ARC = YES;
				CLANG_ENABLE_OBJC_WEAK = YES;
				CLANG_WARN_BLOCK_CAPTURE_AUTORELEASING = YES;
				CLANG_WARN_BOOL_CONVERSION = YES;
				CLANG_WARN_COMMA = YES;
				CLANG_WARN_CONSTANT_CONVERSION = YES;
				CLANG_WARN_DEPRECATED_OBJC_IMPLEMENTATIONS = YES;
				CLANG_WARN_DIRECT_OBJC_ISA_USAGE = YES_ERROR;
				CLANG_WARN_DOCUMENTATION_COMMENTS = YES;
				CLANG_WARN_EMPTY_BODY = YES;
				CLANG_WARN_ENUM_CONVERSION = YES;
				CLANG_WARN_INFINITE_RECURSION = YES;
				CLANG_WARN_INT_CONVERSION = YES;
				CLANG_WARN_NON_LITERAL_NULL_CONVERSION = YES;
				CLANG_WARN_OBJC_IMPLICIT_RETAIN_SELF = YES;
				CLANG_WARN_OBJC_LITERAL_CONVERSION = YES;
				CLANG_WARN_OBJC_ROOT_CLASS = YES_ERROR;
				CLANG_WARN_RANGE_LOOP_ANALYSIS = YES;
				CLANG_WARN_STRICT_PROTOTYPES = YES;
				CLANG_WARN_SUSPICIOUS_MOVE = YES;
				CLANG_WARN_UNGUARDED_AVAILABILITY = YES_AGGRESSIVE;
				CLANG_WARN_UNREACHABLE_CODE = YES;
				CLANG_WARN__DUPLICATE_METHOD_MATCH = YES;
				COPY_PHASE_STRIP = NO;
				DEBUG_INFORMATION_FORMAT = dwarf;
				ENABLE_STRICT_OBJC_MSGSEND = YES;
				ENABLE_TESTABILITY = YES;
				GCC_C_LANGUAGE_STANDARD = gnu11;
				GCC_DYNAMIC_NO_PIC = NO;
				GCC_NO_COMMON_BLOCKS = YES;
				GCC_OPTIMIZATION_LEVEL = 0;
				GCC_PREPROCESSOR_DEFINITIONS = (
					"DEBUG=1",
					"$(inherited)",
				);
				GCC_WARN_64_TO_32_BIT_CONVERSION = YES;
				GCC_WARN_ABOUT_RETURN_TYPE = YES_ERROR;
				GCC_WARN_UNDECLARED_SELECTOR = YES;
				GCC_WARN_UNINITIALIZED_AUTOS = YES_AGGRESSIVE;
				GCC_WARN_UNUSED_FUNCTION = YES;
				GCC_WARN_UNUSED_VARIABLE = YES;
				MTL_ENABLE_DEBUG_INFO = INCLUDE_SOURCE;
				MTL_FAST_MATH = YES;
				ONLY_ACTIVE_ARCH = YES;
				SDKROOT = iphoneos;
				SWIFT_ACTIVE_COMPILATION_CONDITIONS = DEBUG;
				SWIFT_OPTIMIZATION_LEVEL = "-Onone";
			};
			name = Debug;
		};
		3208190623435B06006D693B /* Release */ = {
			isa = XCBuildConfiguration;
			buildSettings = {
				ALWAYS_SEARCH_USER_PATHS = NO;
				CLANG_ANALYZER_NONNULL = YES;
				CLANG_ANALYZER_NUMBER_OBJECT_CONVERSION = YES_AGGRESSIVE;
				CLANG_CXX_LANGUAGE_STANDARD = "gnu++14";
				CLANG_CXX_LIBRARY = "libc++";
				CLANG_ENABLE_MODULES = YES;
				CLANG_ENABLE_OBJC_ARC = YES;
				CLANG_ENABLE_OBJC_WEAK = YES;
				CLANG_WARN_BLOCK_CAPTURE_AUTORELEASING = YES;
				CLANG_WARN_BOOL_CONVERSION = YES;
				CLANG_WARN_COMMA = YES;
				CLANG_WARN_CONSTANT_CONVERSION = YES;
				CLANG_WARN_DEPRECATED_OBJC_IMPLEMENTATIONS = YES;
				CLANG_WARN_DIRECT_OBJC_ISA_USAGE = YES_ERROR;
				CLANG_WARN_DOCUMENTATION_COMMENTS = YES;
				CLANG_WARN_EMPTY_BODY = YES;
				CLANG_WARN_ENUM_CONVERSION = YES;
				CLANG_WARN_INFINITE_RECURSION = YES;
				CLANG_WARN_INT_CONVERSION = YES;
				CLANG_WARN_NON_LITERAL_NULL_CONVERSION = YES;
				CLANG_WARN_OBJC_IMPLICIT_RETAIN_SELF = YES;
				CLANG_WARN_OBJC_LITERAL_CONVERSION = YES;
				CLANG_WARN_OBJC_ROOT_CLASS = YES_ERROR;
				CLANG_WARN_RANGE_LOOP_ANALYSIS = YES;
				CLANG_WARN_STRICT_PROTOTYPES = YES;
				CLANG_WARN_SUSPICIOUS_MOVE = YES;
				CLANG_WARN_UNGUARDED_AVAILABILITY = YES_AGGRESSIVE;
				CLANG_WARN_UNREACHABLE_CODE = YES;
				CLANG_WARN__DUPLICATE_METHOD_MATCH = YES;
				COPY_PHASE_STRIP = NO;
				DEBUG_INFORMATION_FORMAT = "dwarf-with-dsym";
				ENABLE_NS_ASSERTIONS = NO;
				ENABLE_STRICT_OBJC_MSGSEND = YES;
				GCC_C_LANGUAGE_STANDARD = gnu11;
				GCC_NO_COMMON_BLOCKS = YES;
				GCC_WARN_64_TO_32_BIT_CONVERSION = YES;
				GCC_WARN_ABOUT_RETURN_TYPE = YES_ERROR;
				GCC_WARN_UNDECLARED_SELECTOR = YES;
				GCC_WARN_UNINITIALIZED_AUTOS = YES_AGGRESSIVE;
				GCC_WARN_UNUSED_FUNCTION = YES;
				GCC_WARN_UNUSED_VARIABLE = YES;
				MTL_ENABLE_DEBUG_INFO = NO;
				MTL_FAST_MATH = YES;
				SDKROOT = iphoneos;
				SWIFT_COMPILATION_MODE = wholemodule;
				SWIFT_OPTIMIZATION_LEVEL = "-O";
				VALIDATE_PRODUCT = YES;
			};
			name = Release;
		};
		3208190823435B06006D693B /* Debug */ = {
			isa = XCBuildConfiguration;
			buildSettings = {
				ASSETCATALOG_COMPILER_COMPLICATION_NAME = Complication;
				CODE_SIGN_STYLE = Automatic;
				DEVELOPMENT_TEAM = VUF6AAECQH;
				INFOPLIST_FILE = "WatchCountdown WatchKit Extension/Info.plist";
				LD_RUNPATH_SEARCH_PATHS = (
					"$(inherited)",
					"@executable_path/Frameworks",
					"@executable_path/../../Frameworks",
				);
				PRODUCT_BUNDLE_IDENTIFIER = com.tamara.WatchCountdown.watchkitapp.watchkitextension;
				PRODUCT_NAME = "${TARGET_NAME}";
				SDKROOT = watchos;
				SKIP_INSTALL = YES;
				SWIFT_VERSION = 5.0;
				TARGETED_DEVICE_FAMILY = 4;
				WATCHOS_DEPLOYMENT_TARGET = 6.0;
			};
			name = Debug;
		};
		3208190923435B06006D693B /* Release */ = {
			isa = XCBuildConfiguration;
			buildSettings = {
				ASSETCATALOG_COMPILER_COMPLICATION_NAME = Complication;
				CODE_SIGN_STYLE = Automatic;
				DEVELOPMENT_TEAM = VUF6AAECQH;
				INFOPLIST_FILE = "WatchCountdown WatchKit Extension/Info.plist";
				LD_RUNPATH_SEARCH_PATHS = (
					"$(inherited)",
					"@executable_path/Frameworks",
					"@executable_path/../../Frameworks",
				);
				PRODUCT_BUNDLE_IDENTIFIER = com.tamara.WatchCountdown.watchkitapp.watchkitextension;
				PRODUCT_NAME = "${TARGET_NAME}";
				SDKROOT = watchos;
				SKIP_INSTALL = YES;
				SWIFT_VERSION = 5.0;
				TARGETED_DEVICE_FAMILY = 4;
				WATCHOS_DEPLOYMENT_TARGET = 6.0;
			};
			name = Release;
		};
		3208190C23435B06006D693B /* Debug */ = {
			isa = XCBuildConfiguration;
			buildSettings = {
				ALWAYS_EMBED_SWIFT_STANDARD_LIBRARIES = YES;
				ASSETCATALOG_COMPILER_APPICON_NAME = AppIcon;
				CODE_SIGN_STYLE = Automatic;
				DEVELOPMENT_TEAM = VUF6AAECQH;
				IBSC_MODULE = WatchCountdown_WatchKit_Extension;
				INFOPLIST_FILE = "WatchCountdown WatchKit App/Info.plist";
				PRODUCT_BUNDLE_IDENTIFIER = com.tamara.WatchCountdown.watchkitapp;
				PRODUCT_NAME = "$(TARGET_NAME)";
				SDKROOT = watchos;
				SKIP_INSTALL = YES;
				SWIFT_VERSION = 5.0;
				TARGETED_DEVICE_FAMILY = 4;
				WATCHOS_DEPLOYMENT_TARGET = 6.0;
			};
			name = Debug;
		};
		3208190D23435B06006D693B /* Release */ = {
			isa = XCBuildConfiguration;
			buildSettings = {
				ALWAYS_EMBED_SWIFT_STANDARD_LIBRARIES = YES;
				ASSETCATALOG_COMPILER_APPICON_NAME = AppIcon;
				CODE_SIGN_STYLE = Automatic;
				DEVELOPMENT_TEAM = VUF6AAECQH;
				IBSC_MODULE = WatchCountdown_WatchKit_Extension;
				INFOPLIST_FILE = "WatchCountdown WatchKit App/Info.plist";
				PRODUCT_BUNDLE_IDENTIFIER = com.tamara.WatchCountdown.watchkitapp;
				PRODUCT_NAME = "$(TARGET_NAME)";
				SDKROOT = watchos;
				SKIP_INSTALL = YES;
				SWIFT_VERSION = 5.0;
				TARGETED_DEVICE_FAMILY = 4;
				WATCHOS_DEPLOYMENT_TARGET = 6.0;
			};
			name = Release;
		};
		3208191023435B06006D693B /* Debug */ = {
			isa = XCBuildConfiguration;
			buildSettings = {
				CODE_SIGN_STYLE = Automatic;
				CURRENT_PROJECT_VERSION = 1;
				DEVELOPMENT_TEAM = VUF6AAECQH;
				MARKETING_VERSION = 1.0;
				PRODUCT_BUNDLE_IDENTIFIER = com.tamara.WatchCountdown;
				PRODUCT_NAME = "$(TARGET_NAME)";
				SWIFT_VERSION = 5.0;
			};
			name = Debug;
		};
		3208191123435B06006D693B /* Release */ = {
			isa = XCBuildConfiguration;
			buildSettings = {
				CODE_SIGN_STYLE = Automatic;
				CURRENT_PROJECT_VERSION = 1;
				DEVELOPMENT_TEAM = VUF6AAECQH;
				MARKETING_VERSION = 1.0;
				PRODUCT_BUNDLE_IDENTIFIER = com.tamara.WatchCountdown;
				PRODUCT_NAME = "$(TARGET_NAME)";
				SWIFT_VERSION = 5.0;
			};
			name = Release;
		};
/* End XCBuildConfiguration section */

/* Begin XCConfigurationList section */
		320818E323435B03006D693B /* Build configuration list for PBXProject "WatchCountdown" */ = {
			isa = XCConfigurationList;
			buildConfigurations = (
				3208190523435B06006D693B /* Debug */,
				3208190623435B06006D693B /* Release */,
			);
			defaultConfigurationIsVisible = 0;
			defaultConfigurationName = Release;
		};
		3208190723435B06006D693B /* Build configuration list for PBXNativeTarget "WatchCountdown WatchKit Extension" */ = {
			isa = XCConfigurationList;
			buildConfigurations = (
				3208190823435B06006D693B /* Debug */,
				3208190923435B06006D693B /* Release */,
			);
			defaultConfigurationIsVisible = 0;
			defaultConfigurationName = Release;
		};
		3208190B23435B06006D693B /* Build configuration list for PBXNativeTarget "WatchCountdown WatchKit App" */ = {
			isa = XCConfigurationList;
			buildConfigurations = (
				3208190C23435B06006D693B /* Debug */,
				3208190D23435B06006D693B /* Release */,
			);
			defaultConfigurationIsVisible = 0;
			defaultConfigurationName = Release;
		};
		3208190F23435B06006D693B /* Build configuration list for PBXNativeTarget "WatchCountdown" */ = {
			isa = XCConfigurationList;
			buildConfigurations = (
				3208191023435B06006D693B /* Debug */,
				3208191123435B06006D693B /* Release */,
			);
			defaultConfigurationIsVisible = 0;
			defaultConfigurationName = Release;
		};
/* End XCConfigurationList section */
	};
	rootObject = 320818E023435B03006D693B /* Project object */;
}
